{
	"name": "@yafetch/core",
	"version": "0.1.0",
	"lockfileVersion": 2,
	"requires": true,
	"packages": {
		"": {
			"name": "@yafetch/core",
			"version": "0.1.0",
			"license": "MIT",
			"devDependencies": {
				"formdata-node": "^4.3.2",
				"node-blob": "^0.0.2"
			}
		},
		"node_modules/formdata-node": {
			"version": "4.3.2",
			"resolved": "https://registry.npmjs.org/formdata-node/-/formdata-node-4.3.2.tgz",
			"integrity": "sha512-k7lYJyzDOSL6h917favP8j1L0/wNyylzU+x+1w4p5haGVHNlP58dbpdJhiCUsDbWsa9HwEtLp89obQgXl2e0qg==",
			"dev": true,
			"dependencies": {
				"node-domexception": "1.0.0",
				"web-streams-polyfill": "4.0.0-beta.1"
			},
			"engines": {
				"node": ">= 12.20"
			}
		},
		"node_modules/node-blob": {
			"version": "0.0.2",
			"resolved": "https://registry.npmjs.org/node-blob/-/node-blob-0.0.2.tgz",
			"integrity": "sha512-82wiGzMht96gPQDUYaZBdZEVvYD9aEhU6Bt9KLCr4rADZPRd7dQVY2Yj0ZG/1vp4DhVkL49nJT/M3CiMTAt3ag==",
			"dev": true
		},
		"node_modules/node-domexception": {
			"version": "1.0.0",
			"resolved": "https://registry.npmjs.org/node-domexception/-/node-domexception-1.0.0.tgz",
			"integrity": "sha512-/jKZoMpw0F8GRwl4/eLROPA3cfcXtLApP0QzLmUT/HuPCZWyB7IY9ZrMeKw2O/nFIqPQB3PVM9aYm0F312AXDQ==",
			"dev": true,
			"funding": [
				{
					"type": "github",
					"url": "https://github.com/sponsors/jimmywarting"
				},
				{
					"type": "github",
					"url": "https://paypal.me/jimmywarting"
				}
			],
			"engines": {
				"node": ">=10.5.0"
			}
		},
		"node_modules/web-streams-polyfill": {
			"version": "4.0.0-beta.1",
			"resolved": "https://registry.npmjs.org/web-streams-polyfill/-/web-streams-polyfill-4.0.0-beta.1.tgz",
			"integrity": "sha512-3ux37gEX670UUphBF9AMCq8XM6iQ8Ac6A+DSRRjDoRBm1ufCkaCDdNVbaqq60PsEkdNlLKrGtv/YBP4EJXqNtQ==",
			"dev": true,
			"engines": {
				"node": ">= 12"
			}
		}
	},
	"dependencies": {
		"formdata-node": {
			"version": "4.3.2",
			"resolved": "https://registry.npmjs.org/formdata-node/-/formdata-node-4.3.2.tgz",
			"integrity": "sha512-k7lYJyzDOSL6h917favP8j1L0/wNyylzU+x+1w4p5haGVHNlP58dbpdJhiCUsDbWsa9HwEtLp89obQgXl2e0qg==",
			"dev": true,
			"requires": {
				"node-domexception": "1.0.0",
				"web-streams-polyfill": "4.0.0-beta.1"
			}
		},
		"node-blob": {
			"version": "0.0.2",
			"resolved": "https://registry.npmjs.org/node-blob/-/node-blob-0.0.2.tgz",
			"integrity": "sha512-82wiGzMht96gPQDUYaZBdZEVvYD9aEhU6Bt9KLCr4rADZPRd7dQVY2Yj0ZG/1vp4DhVkL49nJT/M3CiMTAt3ag==",
			"dev": true
		},
		"node-domexception": {
			"version": "1.0.0",
			"resolved": "https://registry.npmjs.org/node-domexception/-/node-domexception-1.0.0.tgz",
			"integrity": "sha512-/jKZoMpw0F8GRwl4/eLROPA3cfcXtLApP0QzLmUT/HuPCZWyB7IY9ZrMeKw2O/nFIqPQB3PVM9aYm0F312AXDQ==",
			"dev": true
		},
		"web-streams-polyfill": {
			"version": "4.0.0-beta.1",
			"resolved": "https://registry.npmjs.org/web-streams-polyfill/-/web-streams-polyfill-4.0.0-beta.1.tgz",
			"integrity": "sha512-3ux37gEX670UUphBF9AMCq8XM6iQ8Ac6A+DSRRjDoRBm1ufCkaCDdNVbaqq60PsEkdNlLKrGtv/YBP4EJXqNtQ==",
			"dev": true
		}
	}
}
