{
	"name": "@yafetch/plugin-retry",
	"version": "0.0.0",
	"lockfileVersion": 2,
	"requires": true,
	"packages": {
		"": {
			"name": "@yafetch/plugin-retry",
			"version": "0.0.0",
			"license": "MIT",
			"devDependencies": {
				"@yafetch/core": "latest",
				"abort-controller": "^3.0.0"
			}
		},
		"../core": {
			"name": "@yafetch/core",
			"version": "0.1.0",
			"extraneous": true,
			"license": "MIT",
			"devDependencies": {
				"formdata-node": "^4.3.2",
				"node-blob": "^0.0.2"
			}
		},
		"node_modules/@yafetch/core": {
			"version": "0.1.0",
			"resolved": "https://registry.npmjs.org/@yafetch/core/-/core-0.1.0.tgz",
			"integrity": "sha512-0CZnwa6BYB6omM/KVI53Sgb091dAP9B/kKfdhFeslHCwk1sndFUcsHF0D01ZVw8GQ2eAkiTmKOXEMhLuN3qD6Q==",
			"dev": true
		},
		"node_modules/abort-controller": {
			"version": "3.0.0",
			"resolved": "https://registry.npmjs.org/abort-controller/-/abort-controller-3.0.0.tgz",
			"integrity": "sha512-h8lQ8tacZYnR3vNQTgibj+tODHI5/+l06Au2Pcriv/Gmet0eaj4TwWH41sO9wnHDiQsEj19q0drzdWdeAHtweg==",
			"dev": true,
			"dependencies": {
				"event-target-shim": "^5.0.0"
			},
			"engines": {
				"node": ">=6.5"
			}
		},
		"node_modules/event-target-shim": {
			"version": "5.0.1",
			"resolved": "https://registry.npmjs.org/event-target-shim/-/event-target-shim-5.0.1.tgz",
			"integrity": "sha512-i/2XbnSz/uxRCU6+NdVJgKWDTM427+MqYbkQzD321DuCQJUqOuJKIA0IM2+W2xtYHdKOmZ4dR6fExsd4SXL+WQ==",
			"dev": true,
			"engines": {
				"node": ">=6"
			}
		}
	},
	"dependencies": {
		"@yafetch/core": {
			"version": "0.1.0",
			"resolved": "https://registry.npmjs.org/@yafetch/core/-/core-0.1.0.tgz",
			"integrity": "sha512-0CZnwa6BYB6omM/KVI53Sgb091dAP9B/kKfdhFeslHCwk1sndFUcsHF0D01ZVw8GQ2eAkiTmKOXEMhLuN3qD6Q==",
			"dev": true
		},
		"abort-controller": {
			"version": "3.0.0",
			"resolved": "https://registry.npmjs.org/abort-controller/-/abort-controller-3.0.0.tgz",
			"integrity": "sha512-h8lQ8tacZYnR3vNQTgibj+tODHI5/+l06Au2Pcriv/Gmet0eaj4TwWH41sO9wnHDiQsEj19q0drzdWdeAHtweg==",
			"dev": true,
			"requires": {
				"event-target-shim": "^5.0.0"
			}
		},
		"event-target-shim": {
			"version": "5.0.1",
			"resolved": "https://registry.npmjs.org/event-target-shim/-/event-target-shim-5.0.1.tgz",
			"integrity": "sha512-i/2XbnSz/uxRCU6+NdVJgKWDTM427+MqYbkQzD321DuCQJUqOuJKIA0IM2+W2xtYHdKOmZ4dR6fExsd4SXL+WQ==",
			"dev": true
		}
	}
}
